
Microsoft Visual Studio Solution File, Format Version 12.00
# Visual Studio 2017
Project("{FAE04EC0-301F-11D3-BF4B-00C04F79EFBC}") = "Exnobilem", "Exnobilem.csproj", "{F69AE5F2-E49D-FAAE-75B0-E79CFFF35BE6}"
EndProject
Project("{FAE04EC0-301F-11D3-BF4B-00C04F79EFBC}") = "Exnobilem.Editor", "Exnobilem.Editor.csproj", "{EE184349-6ED2-7954-394E-7592DF74554E}"
EndProject
Global
	GlobalSection(SolutionConfigurationPlatforms) = preSolution
		Debug|Any CPU = Debug|Any CPU
		Release|Any CPU = Release|Any CPU
	EndGlobalSection
	GlobalSection(ProjectConfigurationPlatforms) = postSolution
		{F69AE5F2-E49D-FAAE-75B0-E79CFFF35BE6}.Debug|Any CPU.ActiveCfg = Debug|Any CPU
		{F69AE5F2-E49D-FAAE-75B0-E79CFFF35BE6}.Debug|Any CPU.Build.0 = Debug|Any CPU
		{F69AE5F2-E49D-FAAE-75B0-E79CFFF35BE6}.Release|Any CPU.ActiveCfg = Release|Any CPU
		{F69AE5F2-E49D-FAAE-75B0-E79CFFF35BE6}.Release|Any CPU.Build.0 = Release|Any CPU
		{EE184349-6ED2-7954-394E-7592DF74554E}.Debug|Any CPU.ActiveCfg = Debug|Any CPU
		{EE184349-6ED2-7954-394E-7592DF74554E}.Debug|Any CPU.Build.0 = Debug|Any CPU
		{EE184349-6ED2-7954-394E-7592DF74554E}.Release|Any CPU.ActiveCfg = Release|Any CPU
		{EE184349-6ED2-7954-394E-7592DF74554E}.Release|Any CPU.Build.0 = Release|Any CPU
	EndGlobalSection
	GlobalSection(SolutionProperties) = preSolution
		HideSolutionNode = FALSE
	EndGlobalSection
EndGlobal
